
Microsoft Visual Studio Solution File, Format Version 12.00
# Visual Studio 15
VisualStudioVersion = 15.0.27004.2005
MinimumVisualStudioVersion = 10.0.40219.1
Project("{FAE04EC0-301F-11D3-BF4B-00C04F79EFBC}") = "PhaseTimer", "PhaseTimer\PhaseTimer.csproj", "{8E13295A-0E82-439E-89B8-1F0D9F8B964D}"
EndProject
Global
	GlobalSection(SolutionConfigurationPlatforms) = preSolution
		Debug|Any CPU = Debug|Any CPU
		Release|Any CPU = Release|Any CPU
	EndGlobalSection
	GlobalSection(ProjectConfigurationPlatforms) = postSolution
		{8E13295A-0E82-439E-89B8-1F0D9F8B964D}.Debug|Any CPU.ActiveCfg = Debug|Any CPU
		{8E13295A-0E82-439E-89B8-1F0D9F8B964D}.Debug|Any CPU.Build.0 = Debug|Any CPU
		{8E13295A-0E82-439E-89B8-1F0D9F8B964D}.Release|Any CPU.ActiveCfg = Release|Any CPU
		{8E13295A-0E82-439E-89B8-1F0D9F8B964D}.Release|Any CPU.Build.0 = Release|Any CPU
	EndGlobalSection
	GlobalSection(SolutionProperties) = preSolution
		HideSolutionNode = FALSE
	EndGlobalSection
	GlobalSection(ExtensibilityGlobals) = postSolution
		SolutionGuid = {59297D56-372E-42FB-9E74-944644377C8B}
	EndGlobalSection
EndGlobal
